
Microsoft Visual Studio Solution File, Format Version 12.00
# Visual Studio Version 17
VisualStudioVersion = 17.10.35013.160
MinimumVisualStudioVersion = 10.0.40219.1
Project("{9A19103F-16F7-4668-BE54-9A1E7A4F7556}") = "Tasks.Resolving", "Tasks.Resolving\Tasks.Resolving.csproj", "{0F1EB47A-B41F-4BE2-9B59-A1D7927B57D5}"
EndProject
Project("{9A19103F-16F7-4668-BE54-9A1E7A4F7556}") = "Reversed Strings", "Reversed Strings\Reversed Strings.csproj", "{E21685B0-DAE8-4028-9B1E-A8D7649AD030}"
EndProject
Project("{9A19103F-16F7-4668-BE54-9A1E7A4F7556}") = "A Needle in the Haystack", "A Needle in the Haystack\A Needle in the Haystack.csproj", "{BACA8FAD-BB9E-433A-A8F6-8C665B7A08CC}"
EndProject
Project("{9A19103F-16F7-4668-BE54-9A1E7A4F7556}") = "Return the day", "Return the day\Return the day.csproj", "{7EA74278-78C7-451E-9A50-5DB68679E373}"
EndProject
Project("{FAE04EC0-301F-11D3-BF4B-00C04F79EFBC}") = "OppositeNumber", "OppositeNumber\OppositeNumber.csproj", "{F8C5CC5F-01C7-4D95-9AE0-D2A549EB8908}"
EndProject
Global
	GlobalSection(SolutionConfigurationPlatforms) = preSolution
		Debug|Any CPU = Debug|Any CPU
		Release|Any CPU = Release|Any CPU
	EndGlobalSection
	GlobalSection(ProjectConfigurationPlatforms) = postSolution
		{0F1EB47A-B41F-4BE2-9B59-A1D7927B57D5}.Debug|Any CPU.ActiveCfg = Debug|Any CPU
		{0F1EB47A-B41F-4BE2-9B59-A1D7927B57D5}.Debug|Any CPU.Build.0 = Debug|Any CPU
		{0F1EB47A-B41F-4BE2-9B59-A1D7927B57D5}.Release|Any CPU.ActiveCfg = Release|Any CPU
		{0F1EB47A-B41F-4BE2-9B59-A1D7927B57D5}.Release|Any CPU.Build.0 = Release|Any CPU
		{E21685B0-DAE8-4028-9B1E-A8D7649AD030}.Debug|Any CPU.ActiveCfg = Debug|Any CPU
		{E21685B0-DAE8-4028-9B1E-A8D7649AD030}.Debug|Any CPU.Build.0 = Debug|Any CPU
		{E21685B0-DAE8-4028-9B1E-A8D7649AD030}.Release|Any CPU.ActiveCfg = Release|Any CPU
		{E21685B0-DAE8-4028-9B1E-A8D7649AD030}.Release|Any CPU.Build.0 = Release|Any CPU
		{BACA8FAD-BB9E-433A-A8F6-8C665B7A08CC}.Debug|Any CPU.ActiveCfg = Debug|Any CPU
		{BACA8FAD-BB9E-433A-A8F6-8C665B7A08CC}.Debug|Any CPU.Build.0 = Debug|Any CPU
		{BACA8FAD-BB9E-433A-A8F6-8C665B7A08CC}.Release|Any CPU.ActiveCfg = Release|Any CPU
		{BACA8FAD-BB9E-433A-A8F6-8C665B7A08CC}.Release|Any CPU.Build.0 = Release|Any CPU
		{7EA74278-78C7-451E-9A50-5DB68679E373}.Debug|Any CPU.ActiveCfg = Debug|Any CPU
		{7EA74278-78C7-451E-9A50-5DB68679E373}.Debug|Any CPU.Build.0 = Debug|Any CPU
		{7EA74278-78C7-451E-9A50-5DB68679E373}.Release|Any CPU.ActiveCfg = Release|Any CPU
		{7EA74278-78C7-451E-9A50-5DB68679E373}.Release|Any CPU.Build.0 = Release|Any CPU
		{F8C5CC5F-01C7-4D95-9AE0-D2A549EB8908}.Debug|Any CPU.ActiveCfg = Debug|Any CPU
		{F8C5CC5F-01C7-4D95-9AE0-D2A549EB8908}.Debug|Any CPU.Build.0 = Debug|Any CPU
		{F8C5CC5F-01C7-4D95-9AE0-D2A549EB8908}.Release|Any CPU.ActiveCfg = Release|Any CPU
		{F8C5CC5F-01C7-4D95-9AE0-D2A549EB8908}.Release|Any CPU.Build.0 = Release|Any CPU
	EndGlobalSection
	GlobalSection(SolutionProperties) = preSolution
		HideSolutionNode = FALSE
	EndGlobalSection
	GlobalSection(ExtensibilityGlobals) = postSolution
		SolutionGuid = {333FAF5B-93A9-4976-ABA5-CCFDEFFC288E}
	EndGlobalSection
EndGlobal
